
Microsoft Visual Studio Solution File, Format Version 12.00
# Visual Studio 14
VisualStudioVersion = 14.0.25420.1
MinimumVisualStudioVersion = 10.0.40219.1
Project("{FAE04EC0-301F-11D3-BF4B-00C04F79EFBC}") = "Resource.Search", "Resource.Search\Resource.Search.csproj", "{BCFF0EA5-0965-4CED-88B1-42C42633799D}"
EndProject
Global
	GlobalSection(SolutionConfigurationPlatforms) = preSolution
		Debug|Any CPU = Debug|Any CPU
		Release|Any CPU = Release|Any CPU
	EndGlobalSection
	GlobalSection(ProjectConfigurationPlatforms) = postSolution
		{BCFF0EA5-0965-4CED-88B1-42C42633799D}.Debug|Any CPU.ActiveCfg = Debug|Any CPU
		{BCFF0EA5-0965-4CED-88B1-42C42633799D}.Debug|Any CPU.Build.0 = Debug|Any CPU
		{BCFF0EA5-0965-4CED-88B1-42C42633799D}.Release|Any CPU.ActiveCfg = Release|Any CPU
		{BCFF0EA5-0965-4CED-88B1-42C42633799D}.Release|Any CPU.Build.0 = Release|Any CPU
	EndGlobalSection
	GlobalSection(SolutionProperties) = preSolution
		HideSolutionNode = FALSE
	EndGlobalSection
EndGlobal
